
Microsoft Visual Studio Solution File, Format Version 12.00
# Visual Studio Version 16
VisualStudioVersion = 16.0.31105.61
MinimumVisualStudioVersion = 10.0.40219.1
Project("{8BC9CEB8-8B4A-11D0-8D11-00A0C91BC942}") = "Project62", "Project62\Project62.vcxproj", "{94181F0E-9A6D-46DF-89F9-667DB94488BE}"
EndProject
Global
	GlobalSection(SolutionConfigurationPlatforms) = preSolution
		Debug|x64 = Debug|x64
		Debug|x86 = Debug|x86
		Release|x64 = Release|x64
		Release|x86 = Release|x86
	EndGlobalSection
	GlobalSection(ProjectConfigurationPlatforms) = postSolution
		{94181F0E-9A6D-46DF-89F9-667DB94488BE}.Debug|x64.ActiveCfg = Debug|x64
		{94181F0E-9A6D-46DF-89F9-667DB94488BE}.Debug|x64.Build.0 = Debug|x64
		{94181F0E-9A6D-46DF-89F9-667DB94488BE}.Debug|x86.ActiveCfg = Debug|Win32
		{94181F0E-9A6D-46DF-89F9-667DB94488BE}.Debug|x86.Build.0 = Debug|Win32
		{94181F0E-9A6D-46DF-89F9-667DB94488BE}.Release|x64.ActiveCfg = Release|x64
		{94181F0E-9A6D-46DF-89F9-667DB94488BE}.Release|x64.Build.0 = Release|x64
		{94181F0E-9A6D-46DF-89F9-667DB94488BE}.Release|x86.ActiveCfg = Release|Win32
		{94181F0E-9A6D-46DF-89F9-667DB94488BE}.Release|x86.Build.0 = Release|Win32
	EndGlobalSection
	GlobalSection(SolutionProperties) = preSolution
		HideSolutionNode = FALSE
	EndGlobalSection
	GlobalSection(ExtensibilityGlobals) = postSolution
		SolutionGuid = {B869C226-59F1-4CDF-85D4-06EC94C41AAF}
	EndGlobalSection
EndGlobal
