
Microsoft Visual Studio Solution File, Format Version 12.00
# Visual Studio Version 16
VisualStudioVersion = 16.0.31025.194
MinimumVisualStudioVersion = 10.0.40219.1
Project("{8BC9CEB8-8B4A-11D0-8D11-00A0C91BC942}") = "Project1", "Project1\Project1.vcxproj", "{AAFACAF1-34DA-412F-B728-C380E421B402}"
EndProject
Global
	GlobalSection(SolutionConfigurationPlatforms) = preSolution
		Debug|x64 = Debug|x64
		Debug|x86 = Debug|x86
		Release|x64 = Release|x64
		Release|x86 = Release|x86
	EndGlobalSection
	GlobalSection(ProjectConfigurationPlatforms) = postSolution
		{AAFACAF1-34DA-412F-B728-C380E421B402}.Debug|x64.ActiveCfg = Debug|x64
		{AAFACAF1-34DA-412F-B728-C380E421B402}.Debug|x64.Build.0 = Debug|x64
		{AAFACAF1-34DA-412F-B728-C380E421B402}.Debug|x86.ActiveCfg = Debug|Win32
		{AAFACAF1-34DA-412F-B728-C380E421B402}.Debug|x86.Build.0 = Debug|Win32
		{AAFACAF1-34DA-412F-B728-C380E421B402}.Release|x64.ActiveCfg = Release|x64
		{AAFACAF1-34DA-412F-B728-C380E421B402}.Release|x64.Build.0 = Release|x64
		{AAFACAF1-34DA-412F-B728-C380E421B402}.Release|x86.ActiveCfg = Release|Win32
		{AAFACAF1-34DA-412F-B728-C380E421B402}.Release|x86.Build.0 = Release|Win32
	EndGlobalSection
	GlobalSection(SolutionProperties) = preSolution
		HideSolutionNode = FALSE
	EndGlobalSection
	GlobalSection(ExtensibilityGlobals) = postSolution
		SolutionGuid = {76C8ECA7-0DC8-4D7A-A5C8-E4353AEDA1E4}
	EndGlobalSection
EndGlobal
